
Microsoft Visual Studio Solution File, Format Version 12.00
# Visual Studio Version 16
VisualStudioVersion = 16.0.29728.190
MinimumVisualStudioVersion = 10.0.40219.1
Project("{FAE04EC0-301F-11D3-BF4B-00C04F79EFBC}") = "CreatingTheCustomList", "CreatingTheCustomList\CreatingTheCustomList.csproj", "{FEB926E9-21E9-42F4-B256-D7C6DECA46C2}"
EndProject
Project("{FAE04EC0-301F-11D3-BF4B-00C04F79EFBC}") = "AddUnitTests", "TestTheCustomList\AddUnitTests.csproj", "{4E486C6F-316A-4420-94AE-BF3301D2386E}"
EndProject
Project("{FAE04EC0-301F-11D3-BF4B-00C04F79EFBC}") = "RemoveUnitTests", "RemoveUnitTests\RemoveUnitTests.csproj", "{DE309A95-D27D-4289-B6AB-CE33B604A7C9}"
EndProject
Project("{FAE04EC0-301F-11D3-BF4B-00C04F79EFBC}") = "StringUnitTests", "StringUnitTests\StringUnitTests.csproj", "{75427577-1227-41A1-B423-D99C5A6D0A06}"
EndProject
Project("{FAE04EC0-301F-11D3-BF4B-00C04F79EFBC}") = "PlusOverloadUnitTests", "PlusOverloadUnitTests\PlusOverloadUnitTests.csproj", "{3C219E8A-8999-45A4-A81A-80AFDB4D7FB6}"
EndProject
Project("{FAE04EC0-301F-11D3-BF4B-00C04F79EFBC}") = "SubtractionOverloadUnitTests", "SubtractionOverloadUnitTests\SubtractionOverloadUnitTests.csproj", "{27FB895C-85AD-4A17-8533-9D363586B106}"
EndProject
Project("{FAE04EC0-301F-11D3-BF4B-00C04F79EFBC}") = "ZipperUnitTests", "ZipperUnitTests\ZipperUnitTests.csproj", "{DE0EF209-B3A0-4C15-AC7C-CE79F2C76104}"
EndProject
Global
	GlobalSection(SolutionConfigurationPlatforms) = preSolution
		Debug|Any CPU = Debug|Any CPU
		Release|Any CPU = Release|Any CPU
	EndGlobalSection
	GlobalSection(ProjectConfigurationPlatforms) = postSolution
		{FEB926E9-21E9-42F4-B256-D7C6DECA46C2}.Debug|Any CPU.ActiveCfg = Debug|Any CPU
		{FEB926E9-21E9-42F4-B256-D7C6DECA46C2}.Debug|Any CPU.Build.0 = Debug|Any CPU
		{FEB926E9-21E9-42F4-B256-D7C6DECA46C2}.Release|Any CPU.ActiveCfg = Release|Any CPU
		{FEB926E9-21E9-42F4-B256-D7C6DECA46C2}.Release|Any CPU.Build.0 = Release|Any CPU
		{4E486C6F-316A-4420-94AE-BF3301D2386E}.Debug|Any CPU.ActiveCfg = Debug|Any CPU
		{4E486C6F-316A-4420-94AE-BF3301D2386E}.Debug|Any CPU.Build.0 = Debug|Any CPU
		{4E486C6F-316A-4420-94AE-BF3301D2386E}.Release|Any CPU.ActiveCfg = Release|Any CPU
		{4E486C6F-316A-4420-94AE-BF3301D2386E}.Release|Any CPU.Build.0 = Release|Any CPU
		{DE309A95-D27D-4289-B6AB-CE33B604A7C9}.Debug|Any CPU.ActiveCfg = Debug|Any CPU
		{DE309A95-D27D-4289-B6AB-CE33B604A7C9}.Debug|Any CPU.Build.0 = Debug|Any CPU
		{DE309A95-D27D-4289-B6AB-CE33B604A7C9}.Release|Any CPU.ActiveCfg = Release|Any CPU
		{DE309A95-D27D-4289-B6AB-CE33B604A7C9}.Release|Any CPU.Build.0 = Release|Any CPU
		{75427577-1227-41A1-B423-D99C5A6D0A06}.Debug|Any CPU.ActiveCfg = Debug|Any CPU
		{75427577-1227-41A1-B423-D99C5A6D0A06}.Debug|Any CPU.Build.0 = Debug|Any CPU
		{75427577-1227-41A1-B423-D99C5A6D0A06}.Release|Any CPU.ActiveCfg = Release|Any CPU
		{75427577-1227-41A1-B423-D99C5A6D0A06}.Release|Any CPU.Build.0 = Release|Any CPU
		{3C219E8A-8999-45A4-A81A-80AFDB4D7FB6}.Debug|Any CPU.ActiveCfg = Debug|Any CPU
		{3C219E8A-8999-45A4-A81A-80AFDB4D7FB6}.Debug|Any CPU.Build.0 = Debug|Any CPU
		{3C219E8A-8999-45A4-A81A-80AFDB4D7FB6}.Release|Any CPU.ActiveCfg = Release|Any CPU
		{3C219E8A-8999-45A4-A81A-80AFDB4D7FB6}.Release|Any CPU.Build.0 = Release|Any CPU
		{27FB895C-85AD-4A17-8533-9D363586B106}.Debug|Any CPU.ActiveCfg = Debug|Any CPU
		{27FB895C-85AD-4A17-8533-9D363586B106}.Debug|Any CPU.Build.0 = Debug|Any CPU
		{27FB895C-85AD-4A17-8533-9D363586B106}.Release|Any CPU.ActiveCfg = Release|Any CPU
		{27FB895C-85AD-4A17-8533-9D363586B106}.Release|Any CPU.Build.0 = Release|Any CPU
		{DE0EF209-B3A0-4C15-AC7C-CE79F2C76104}.Debug|Any CPU.ActiveCfg = Debug|Any CPU
		{DE0EF209-B3A0-4C15-AC7C-CE79F2C76104}.Debug|Any CPU.Build.0 = Debug|Any CPU
		{DE0EF209-B3A0-4C15-AC7C-CE79F2C76104}.Release|Any CPU.ActiveCfg = Release|Any CPU
		{DE0EF209-B3A0-4C15-AC7C-CE79F2C76104}.Release|Any CPU.Build.0 = Release|Any CPU
	EndGlobalSection
	GlobalSection(SolutionProperties) = preSolution
		HideSolutionNode = FALSE
	EndGlobalSection
	GlobalSection(ExtensibilityGlobals) = postSolution
		SolutionGuid = {CAC7CC39-927E-4538-AC3C-49E29CB7DCF7}
	EndGlobalSection
EndGlobal
